// !$*UTF8*$!
{
	archiveVersion = 1;
	classes = {
	};
	objectVersion = 56;
	objects = {

/* Begin PBXBuildFile section */
		560016C8296C312B0076A20E /* Localizable.strings in Resources */ = {isa = PBXBuildFile; fileRef = 560016CA296C312B0076A20E /* Localizable.strings */; };
		56865EDD2967205C00819ABB /* Shaps_3App.swift in Sources */ = {isa = PBXBuildFile; fileRef = 56865EDC2967205C00819ABB /* Shaps_3App.swift */; };
		56865EDF2967205C00819ABB /* ContentView.swift in Sources */ = {isa = PBXBuildFile; fileRef = 56865EDE2967205C00819ABB /* ContentView.swift */; };
		56865EE12967205D00819ABB /* Assets.xcassets in Resources */ = {isa = PBXBuildFile; fileRef = 56865EE02967205D00819ABB /* Assets.xcassets */; };
		56865EE42967205D00819ABB /* Preview Assets.xcassets in Resources */ = {isa = PBXBuildFile; fileRef = 56865EE32967205D00819ABB /* Preview Assets.xcassets */; };
		56865EEE2967205D00819ABB /* Shaps_3Tests.swift in Sources */ = {isa = PBXBuildFile; fileRef = 56865EED2967205D00819ABB /* Shaps_3Tests.swift */; };
		56865EF82967205D00819ABB /* Shaps_3UITests.swift in Sources */ = {isa = PBXBuildFile; fileRef = 56865EF72967205D00819ABB /* Shaps_3UITests.swift */; };
		56865EFA2967205D00819ABB /* Shaps_3UITestsLaunchTests.swift in Sources */ = {isa = PBXBuildFile; fileRef = 56865EF92967205D00819ABB /* Shaps_3UITestsLaunchTests.swift */; };
		56AA1DD7296982E60070CB51 /* ColorBootCamp.swift in Sources */ = {isa = PBXBuildFile; fileRef = 56AA1DD6296982E60070CB51 /* ColorBootCamp.swift */; };
		56BCBD09296C60460079164C /* GradientsBootcamp.swift in Sources */ = {isa = PBXBuildFile; fileRef = 56BCBD08296C60460079164C /* GradientsBootcamp.swift */; };
/* End PBXBuildFile section */

/* Begin PBXContainerItemProxy section */
		56865EEA2967205D00819ABB /* PBXContainerItemProxy */ = {
			isa = PBXContainerItemProxy;
			containerPortal = 56865ED12967205B00819ABB /* Project object */;
			proxyType = 1;
			remoteGlobalIDString = 56865ED82967205B00819ABB;
			remoteInfo = "Shaps#3";
		};
		56865EF42967205D00819ABB /* PBXContainerItemProxy */ = {
			isa = PBXContainerItemProxy;
			containerPortal = 56865ED12967205B00819ABB /* Project object */;
			proxyType = 1;
			remoteGlobalIDString = 56865ED82967205B00819ABB;
			remoteInfo = "Shaps#3";
		};
/* End PBXContainerItemProxy section */

/* Begin PBXFileReference section */
		560016C9296C312B0076A20E /* en */ = {isa = PBXFileReference; lastKnownFileType = text.plist.strings; name = en; path = en.lproj/Localizable.strings; sourceTree = "<group>"; };
		560016CB296C31370076A20E /* ar */ = {isa = PBXFileReference; lastKnownFileType = text.plist.strings; name = ar; path = ar.lproj/Localizable.strings; sourceTree = "<group>"; };
		56865ED92967205C00819ABB /* Shaps#3.app */ = {isa = PBXFileReference; explicitFileType = wrapper.application; includeInIndex = 0; path = "Shaps#3.app"; sourceTree = BUILT_PRODUCTS_DIR; };
		56865EDC2967205C00819ABB /* Shaps_3App.swift */ = {isa = PBXFileReference; lastKnownFileType = sourcecode.swift; path = Shaps_3App.swift; sourceTree = "<group>"; };
		56865EDE2967205C00819ABB /* ContentView.swift */ = {isa = PBXFileReference; lastKnownFileType = sourcecode.swift; path = ContentView.swift; sourceTree = "<group>"; };
		56865EE02967205D00819ABB /* Assets.xcassets */ = {isa = PBXFileReference; lastKnownFileType = folder.assetcatalog; path = Assets.xcassets; sourceTree = "<group>"; };
		56865EE32967205D00819ABB /* Preview Assets.xcassets */ = {isa = PBXFileReference; lastKnownFileType = folder.assetcatalog; path = "Preview Assets.xcassets"; sourceTree = "<group>"; };
		56865EE92967205D00819ABB /* Shaps#3Tests.xctest */ = {isa = PBXFileReference; explicitFileType = wrapper.cfbundle; includeInIndex = 0; path = "Shaps#3Tests.xctest"; sourceTree = BUILT_PRODUCTS_DIR; };
		56865EED2967205D00819ABB /* Shaps_3Tests.swift */ = {isa = PBXFileReference; lastKnownFileType = sourcecode.swift; path = Shaps_3Tests.swift; sourceTree = "<group>"; };
		56865EF32967205D00819ABB /* Shaps#3UITests.xctest */ = {isa = PBXFileReference; explicitFileType = wrapper.cfbundle; includeInIndex = 0; path = "Shaps#3UITests.xctest"; sourceTree = BUILT_PRODUCTS_DIR; };
		56865EF72967205D00819ABB /* Shaps_3UITests.swift */ = {isa = PBXFileReference; lastKnownFileType = sourcecode.swift; path = Shaps_3UITests.swift; sourceTree = "<group>"; };
		56865EF92967205D00819ABB /* Shaps_3UITestsLaunchTests.swift */ = {isa = PBXFileReference; lastKnownFileType = sourcecode.swift; path = Shaps_3UITestsLaunchTests.swift; sourceTree = "<group>"; };
		56AA1DD6296982E60070CB51 /* ColorBootCamp.swift */ = {isa = PBXFileReference; lastKnownFileType = sourcecode.swift; path = ColorBootCamp.swift; sourceTree = "<group>"; };
		56BCBD08296C60460079164C /* GradientsBootcamp.swift */ = {isa = PBXFileReference; lastKnownFileType = sourcecode.swift; path = GradientsBootcamp.swift; sourceTree = "<group>"; };
/* End PBXFileReference section */

/* Begin PBXFrameworksBuildPhase section */
		56865ED62967205B00819ABB /* Frameworks */ = {
			isa = PBXFrameworksBuildPhase;
			buildActionMask = 2147483647;
			files = (
			);
			runOnlyForDeploymentPostprocessing = 0;
		};
		56865EE62967205D00819ABB /* Frameworks */ = {
			isa = PBXFrameworksBuildPhase;
			buildActionMask = 2147483647;
			files = (
			);
			runOnlyForDeploymentPostprocessing = 0;
		};
		56865EF02967205D00819ABB /* Frameworks */ = {
			isa = PBXFrameworksBuildPhase;
			buildActionMask = 2147483647;
			files = (
			);
			runOnlyForDeploymentPostprocessing = 0;
		};
/* End PBXFrameworksBuildPhase section */

/* Begin PBXGroup section */
		56865ED02967205B00819ABB = {
			isa = PBXGroup;
			children = (
				560016CA296C312B0076A20E /* Localizable.strings */,
				56865EDB2967205C00819ABB /* Shaps#3 */,
				56865EEC2967205D00819ABB /* Shaps#3Tests */,
				56865EF62967205D00819ABB /* Shaps#3UITests */,
				56865EDA2967205C00819ABB /* Products */,
			);
			sourceTree = "<group>";
		};
		56865EDA2967205C00819ABB /* Products */ = {
			isa = PBXGroup;
			children = (
				56865ED92967205C00819ABB /* Shaps#3.app */,
				56865EE92967205D00819ABB /* Shaps#3Tests.xctest */,
				56865EF32967205D00819ABB /* Shaps#3UITests.xctest */,
			);
			name = Products;
			sourceTree = "<group>";
		};
		56865EDB2967205C00819ABB /* Shaps#3 */ = {
			isa = PBXGroup;
			children = (
				56865EDC2967205C00819ABB /* Shaps_3App.swift */,
				56865EDE2967205C00819ABB /* ContentView.swift */,
				56865EE02967205D00819ABB /* Assets.xcassets */,
				56AA1DD6296982E60070CB51 /* ColorBootCamp.swift */,
				56865EE22967205D00819ABB /* Preview Content */,
				56BCBD08296C60460079164C /* GradientsBootcamp.swift */,
			);
			path = "Shaps#3";
			sourceTree = "<group>";
		};
		56865EE22967205D00819ABB /* Preview Content */ = {
			isa = PBXGroup;
			children = (
				56865EE32967205D00819ABB /* Preview Assets.xcassets */,
			);
			path = "Preview Content";
			sourceTree = "<group>";
		};
		56865EEC2967205D00819ABB /* Shaps#3Tests */ = {
			isa = PBXGroup;
			children = (
				56865EED2967205D00819ABB /* Shaps_3Tests.swift */,
			);
			path = "Shaps#3Tests";
			sourceTree = "<group>";
		};
		56865EF62967205D00819ABB /* Shaps#3UITests */ = {
			isa = PBXGroup;
			children = (
				56865EF72967205D00819ABB /* Shaps_3UITests.swift */,
				56865EF92967205D00819ABB /* Shaps_3UITestsLaunchTests.swift */,
			);
			path = "Shaps#3UITests";
			sourceTree = "<group>";
		};
/* End PBXGroup section */

/* Begin PBXNativeTarget section */
		56865ED82967205B00819ABB /* Shaps#3 */ = {
			isa = PBXNativeTarget;
			buildConfigurationList = 56865EFD2967205D00819ABB /* Build configuration list for PBXNativeTarget "Shaps#3" */;
			buildPhases = (
				56865ED52967205B00819ABB /* Sources */,
				56865ED62967205B00819ABB /* Frameworks */,
				56865ED72967205B00819ABB /* Resources */,
			);
			buildRules = (
			);
			dependencies = (
			);
			name = "Shaps#3";
			productName = "Shaps#3";
			productReference = 56865ED92967205C00819ABB /* Shaps#3.app */;
			productType = "com.apple.product-type.application";
		};
		56865EE82967205D00819ABB /* Shaps#3Tests */ = {
			isa = PBXNativeTarget;
			buildConfigurationList = 56865F002967205D00819ABB /* Build configuration list for PBXNativeTarget "Shaps#3Tests" */;
			buildPhases = (
				56865EE52967205D00819ABB /* Sources */,
				56865EE62967205D00819ABB /* Frameworks */,
				56865EE72967205D00819ABB /* Resources */,
			);
			buildRules = (
			);
			dependencies = (
				56865EEB2967205D00819ABB /* PBXTargetDependency */,
			);
			name = "Shaps#3Tests";
			productName = "Shaps#3Tests";
			productReference = 56865EE92967205D00819ABB /* Shaps#3Tests.xctest */;
			productType = "com.apple.product-type.bundle.unit-test";
		};
		56865EF22967205D00819ABB /* Shaps#3UITests */ = {
			isa = PBXNativeTarget;
			buildConfigurationList = 56865F032967205D00819ABB /* Build configuration list for PBXNativeTarget "Shaps#3UITests" */;
			buildPhases = (
				56865EEF2967205D00819ABB /* Sources */,
				56865EF02967205D00819ABB /* Frameworks */,
				56865EF12967205D00819ABB /* Resources */,
			);
			buildRules = (
			);
			dependencies = (
				56865EF52967205D00819ABB /* PBXTargetDependency */,
			);
			name = "Shaps#3UITests";
			productName = "Shaps#3UITests";
			productReference = 56865EF32967205D00819ABB /* Shaps#3UITests.xctest */;
			productType = "com.apple.product-type.bundle.ui-testing";
		};
/* End PBXNativeTarget section */

/* Begin PBXProject section */
		56865ED12967205B00819ABB /* Project object */ = {
			isa = PBXProject;
			attributes = {
				BuildIndependentTargetsInParallel = 1;
				LastSwiftUpdateCheck = 1420;
				LastUpgradeCheck = 1420;
				TargetAttributes = {
					56865ED82967205B00819ABB = {
						CreatedOnToolsVersion = 14.2;
					};
					56865EE82967205D00819ABB = {
						CreatedOnToolsVersion = 14.2;
						TestTargetID = 56865ED82967205B00819ABB;
					};
					56865EF22967205D00819ABB = {
						CreatedOnToolsVersion = 14.2;
						TestTargetID = 56865ED82967205B00819ABB;
					};
				};
			};
			buildConfigurationList = 56865ED42967205B00819ABB /* Build configuration list for PBXProject "Shaps#3" */;
			compatibilityVersion = "Xcode 14.0";
			developmentRegion = en;
			hasScannedForEncodings = 0;
			knownRegions = (
				en,
				Base,
				ar,
			);
			mainGroup = 56865ED02967205B00819ABB;
			productRefGroup = 56865EDA2967205C00819ABB /* Products */;
			projectDirPath = "";
			projectRoot = "";
			targets = (
				56865ED82967205B00819ABB /* Shaps#3 */,
				56865EE82967205D00819ABB /* Shaps#3Tests */,
				56865EF22967205D00819ABB /* Shaps#3UITests */,
			);
		};
/* End PBXProject section */

/* Begin PBXResourcesBuildPhase section */
		56865ED72967205B00819ABB /* Resources */ = {
			isa = PBXResourcesBuildPhase;
			buildActionMask = 2147483647;
			files = (
				56865EE42967205D00819ABB /* Preview Assets.xcassets in Resources */,
				560016C8296C312B0076A20E /* Localizable.strings in Resources */,
				56865EE12967205D00819ABB /* Assets.xcassets in Resources */,
			);
			runOnlyForDeploymentPostprocessing = 0;
		};
		56865EE72967205D00819ABB /* Resources */ = {
			isa = PBXResourcesBuildPhase;
			buildActionMask = 2147483647;
			files = (
			);
			runOnlyForDeploymentPostprocessing = 0;
		};
		56865EF12967205D00819ABB /* Resources */ = {
			isa = PBXResourcesBuildPhase;
			buildActionMask = 2147483647;
			files = (
			);
			runOnlyForDeploymentPostprocessing = 0;
		};
/* End PBXResourcesBuildPhase section */

/* Begin PBXSourcesBuildPhase section */
		56865ED52967205B00819ABB /* Sources */ = {
			isa = PBXSourcesBuildPhase;
			buildActionMask = 2147483647;
			files = (
				56BCBD09296C60460079164C /* GradientsBootcamp.swift in Sources */,
				56865EDF2967205C00819ABB /* ContentView.swift in Sources */,
				56AA1DD7296982E60070CB51 /* ColorBootCamp.swift in Sources */,
				56865EDD2967205C00819ABB /* Shaps_3App.swift in Sources */,
			);
			runOnlyForDeploymentPostprocessing = 0;
		};
		56865EE52967205D00819ABB /* Sources */ = {
			isa = PBXSourcesBuildPhase;
			buildActionMask = 2147483647;
			files = (
				56865EEE2967205D00819ABB /* Shaps_3Tests.swift in Sources */,
			);
			runOnlyForDeploymentPostprocessing = 0;
		};
		56865EEF2967205D00819ABB /* Sources */ = {
			isa = PBXSourcesBuildPhase;
			buildActionMask = 2147483647;
			files = (
				56865EFA2967205D00819ABB /* Shaps_3UITestsLaunchTests.swift in Sources */,
				56865EF82967205D00819ABB /* Shaps_3UITests.swift in Sources */,
			);
			runOnlyForDeploymentPostprocessing = 0;
		};
/* End PBXSourcesBuildPhase section */

/* Begin PBXTargetDependency section */
		56865EEB2967205D00819ABB /* PBXTargetDependency */ = {
			isa = PBXTargetDependency;
			target = 56865ED82967205B00819ABB /* Shaps#3 */;
			targetProxy = 56865EEA2967205D00819ABB /* PBXContainerItemProxy */;
		};
		56865EF52967205D00819ABB /* PBXTargetDependency */ = {
			isa = PBXTargetDependency;
			target = 56865ED82967205B00819ABB /* Shaps#3 */;
			targetProxy = 56865EF42967205D00819ABB /* PBXContainerItemProxy */;
		};
/* End PBXTargetDependency section */

/* Begin PBXVariantGroup section */
		560016CA296C312B0076A20E /* Localizable.strings */ = {
			isa = PBXVariantGroup;
			children = (
				560016C9296C312B0076A20E /* en */,
				560016CB296C31370076A20E /* ar */,
			);
			name = Localizable.strings;
			sourceTree = "<group>";
		};
/* End PBXVariantGroup section */

/* Begin XCBuildConfiguration section */
		56865EFB2967205D00819ABB /* Debug */ = {
			isa = XCBuildConfiguration;
			buildSettings = {
				ALWAYS_SEARCH_USER_PATHS = NO;
				CLANG_ANALYZER_NONNULL = YES;
				CLANG_ANALYZER_NUMBER_OBJECT_CONVERSION = YES_AGGRESSIVE;
				CLANG_CXX_LANGUAGE_STANDARD = "gnu++20";
				CLANG_ENABLE_MODULES = YES;
				CLANG_ENABLE_OBJC_ARC = YES;
				CLANG_ENABLE_OBJC_WEAK = YES;
				CLANG_WARN_BLOCK_CAPTURE_AUTORELEASING = YES;
				CLANG_WARN_BOOL_CONVERSION = YES;
				CLANG_WARN_COMMA = YES;
				CLANG_WARN_CONSTANT_CONVERSION = YES;
				CLANG_WARN_DEPRECATED_OBJC_IMPLEMENTATIONS = YES;
				CLANG_WARN_DIRECT_OBJC_ISA_USAGE = YES_ERROR;
				CLANG_WARN_DOCUMENTATION_COMMENTS = YES;
				CLANG_WARN_EMPTY_BODY = YES;
				CLANG_WARN_ENUM_CONVERSION = YES;
				CLANG_WARN_INFINITE_RECURSION = YES;
				CLANG_WARN_INT_CONVERSION = YES;
				CLANG_WARN_NON_LITERAL_NULL_CONVERSION = YES;
				CLANG_WARN_OBJC_IMPLICIT_RETAIN_SELF = YES;
				CLANG_WARN_OBJC_LITERAL_CONVERSION = YES;
				CLANG_WARN_OBJC_ROOT_CLASS = YES_ERROR;
				CLANG_WARN_QUOTED_INCLUDE_IN_FRAMEWORK_HEADER = YES;
				CLANG_WARN_RANGE_LOOP_ANALYSIS = YES;
				CLANG_WARN_STRICT_PROTOTYPES = YES;
				CLANG_WARN_SUSPICIOUS_MOVE = YES;
				CLANG_WARN_UNGUARDED_AVAILABILITY = YES_AGGRESSIVE;
				CLANG_WARN_UNREACHABLE_CODE = YES;
				CLANG_WARN__DUPLICATE_METHOD_MATCH = YES;
				COPY_PHASE_STRIP = NO;
				DEBUG_INFORMATION_FORMAT = dwarf;
				ENABLE_STRICT_OBJC_MSGSEND = YES;
				ENABLE_TESTABILITY = YES;
				GCC_C_LANGUAGE_STANDARD = gnu11;
				GCC_DYNAMIC_NO_PIC = NO;
				GCC_NO_COMMON_BLOCKS = YES;
				GCC_OPTIMIZATION_LEVEL = 0;
				GCC_PREPROCESSOR_DEFINITIONS = (
					"DEBUG=1",
					"$(inherited)",
				);
				GCC_WARN_64_TO_32_BIT_CONVERSION = YES;
				GCC_WARN_ABOUT_RETURN_TYPE = YES_ERROR;
				GCC_WARN_UNDECLARED_SELECTOR = YES;
				GCC_WARN_UNINITIALIZED_AUTOS = YES_AGGRESSIVE;
				GCC_WARN_UNUSED_FUNCTION = YES;
				GCC_WARN_UNUSED_VARIABLE = YES;
				IPHONEOS_DEPLOYMENT_TARGET = 16.2;
				MTL_ENABLE_DEBUG_INFO = INCLUDE_SOURCE;
				MTL_FAST_MATH = YES;
				ONLY_ACTIVE_ARCH = YES;
				SDKROOT = iphoneos;
				SWIFT_ACTIVE_COMPILATION_CONDITIONS = DEBUG;
				SWIFT_OPTIMIZATION_LEVEL = "-Onone";
			};
			name = Debug;
		};
		56865EFC2967205D00819ABB /* Release */ = {
			isa = XCBuildConfiguration;
			buildSettings = {
				ALWAYS_SEARCH_USER_PATHS = NO;
				CLANG_ANALYZER_NONNULL = YES;
				CLANG_ANALYZER_NUMBER_OBJECT_CONVERSION = YES_AGGRESSIVE;
				CLANG_CXX_LANGUAGE_STANDARD = "gnu++20";
				CLANG_ENABLE_MODULES = YES;
				CLANG_ENABLE_OBJC_ARC = YES;
				CLANG_ENABLE_OBJC_WEAK = YES;
				CLANG_WARN_BLOCK_CAPTURE_AUTORELEASING = YES;
				CLANG_WARN_BOOL_CONVERSION = YES;
				CLANG_WARN_COMMA = YES;
				CLANG_WARN_CONSTANT_CONVERSION = YES;
				CLANG_WARN_DEPRECATED_OBJC_IMPLEMENTATIONS = YES;
				CLANG_WARN_DIRECT_OBJC_ISA_USAGE = YES_ERROR;
				CLANG_WARN_DOCUMENTATION_COMMENTS = YES;
				CLANG_WARN_EMPTY_BODY = YES;
				CLANG_WARN_ENUM_CONVERSION = YES;
				CLANG_WARN_INFINITE_RECURSION = YES;
				CLANG_WARN_INT_CONVERSION = YES;
				CLANG_WARN_NON_LITERAL_NULL_CONVERSION = YES;
				CLANG_WARN_OBJC_IMPLICIT_RETAIN_SELF = YES;
				CLANG_WARN_OBJC_LITERAL_CONVERSION = YES;
				CLANG_WARN_OBJC_ROOT_CLASS = YES_ERROR;
				CLANG_WARN_QUOTED_INCLUDE_IN_FRAMEWORK_HEADER = YES;
				CLANG_WARN_RANGE_LOOP_ANALYSIS = YES;
				CLANG_WARN_STRICT_PROTOTYPES = YES;
				CLANG_WARN_SUSPICIOUS_MOVE = YES;
				CLANG_WARN_UNGUARDED_AVAILABILITY = YES_AGGRESSIVE;
				CLANG_WARN_UNREACHABLE_CODE = YES;
				CLANG_WARN__DUPLICATE_METHOD_MATCH = YES;
				COPY_PHASE_STRIP = NO;
				DEBUG_INFORMATION_FORMAT = "dwarf-with-dsym";
				ENABLE_NS_ASSERTIONS = NO;
				ENABLE_STRICT_OBJC_MSGSEND = YES;
				GCC_C_LANGUAGE_STANDARD = gnu11;
				GCC_NO_COMMON_BLOCKS = YES;
				GCC_WARN_64_TO_32_BIT_CONVERSION = YES;
				GCC_WARN_ABOUT_RETURN_TYPE = YES_ERROR;
				GCC_WARN_UNDECLARED_SELECTOR = YES;
				GCC_WARN_UNINITIALIZED_AUTOS = YES_AGGRESSIVE;
				GCC_WARN_UNUSED_FUNCTION = YES;
				GCC_WARN_UNUSED_VARIABLE = YES;
				IPHONEOS_DEPLOYMENT_TARGET = 16.2;
				MTL_ENABLE_DEBUG_INFO = NO;
				MTL_FAST_MATH = YES;
				SDKROOT = iphoneos;
				SWIFT_COMPILATION_MODE = wholemodule;
				SWIFT_OPTIMIZATION_LEVEL = "-O";
				VALIDATE_PRODUCT = YES;
			};
			name = Release;
		};
		56865EFE2967205D00819ABB /* Debug */ = {
			isa = XCBuildConfiguration;
			buildSettings = {
				ASSETCATALOG_COMPILER_APPICON_NAME = AppIcon;
				ASSETCATALOG_COMPILER_GLOBAL_ACCENT_COLOR_NAME = AccentColor;
				CODE_SIGN_STYLE = Automatic;
				CURRENT_PROJECT_VERSION = 1;
				DEVELOPMENT_ASSET_PATHS = "\"Shaps#3/Preview Content\"";
				ENABLE_PREVIEWS = YES;
				GENERATE_INFOPLIST_FILE = YES;
				INFOPLIST_KEY_UIApplicationSceneManifest_Generation = YES;
				INFOPLIST_KEY_UIApplicationSupportsIndirectInputEvents = YES;
				INFOPLIST_KEY_UILaunchScreen_Generation = YES;
				INFOPLIST_KEY_UISupportedInterfaceOrientations_iPad = "UIInterfaceOrientationPortrait UIInterfaceOrientationPortraitUpsideDown UIInterfaceOrientationLandscapeLeft UIInterfaceOrientationLandscapeRight";
				INFOPLIST_KEY_UISupportedInterfaceOrientations_iPhone = "UIInterfaceOrientationPortrait UIInterfaceOrientationLandscapeLeft UIInterfaceOrientationLandscapeRight";
				LD_RUNPATH_SEARCH_PATHS = (
					"$(inherited)",
					"@executable_path/Frameworks",
				);
				MARKETING_VERSION = 1.0;
				PRODUCT_BUNDLE_IDENTIFIER = "appleaca.Shaps-3";
				PRODUCT_NAME = "$(TARGET_NAME)";
				SWIFT_EMIT_LOC_STRINGS = YES;
				SWIFT_VERSION = 5.0;
				TARGETED_DEVICE_FAMILY = "1,2";
			};
			name = Debug;
		};
		56865EFF2967205D00819ABB /* Release */ = {
			isa = XCBuildConfiguration;
			buildSettings = {
				ASSETCATALOG_COMPILER_APPICON_NAME = AppIcon;
				ASSETCATALOG_COMPILER_GLOBAL_ACCENT_COLOR_NAME = AccentColor;
				CODE_SIGN_STYLE = Automatic;
				CURRENT_PROJECT_VERSION = 1;
				DEVELOPMENT_ASSET_PATHS = "\"Shaps#3/Preview Content\"";
				ENABLE_PREVIEWS = YES;
				GENERATE_INFOPLIST_FILE = YES;
				INFOPLIST_KEY_UIApplicationSceneManifest_Generation = YES;
				INFOPLIST_KEY_UIApplicationSupportsIndirectInputEvents = YES;
				INFOPLIST_KEY_UILaunchScreen_Generation = YES;
				INFOPLIST_KEY_UISupportedInterfaceOrientations_iPad = "UIInterfaceOrientationPortrait UIInterfaceOrientationPortraitUpsideDown UIInterfaceOrientationLandscapeLeft UIInterfaceOrientationLandscapeRight";
				INFOPLIST_KEY_UISupportedInterfaceOrientations_iPhone = "UIInterfaceOrientationPortrait UIInterfaceOrientationLandscapeLeft UIInterfaceOrientationLandscapeRight";
				LD_RUNPATH_SEARCH_PATHS = (
					"$(inherited)",
					"@executable_path/Frameworks",
				);
				MARKETING_VERSION = 1.0;
				PRODUCT_BUNDLE_IDENTIFIER = "appleaca.Shaps-3";
				PRODUCT_NAME = "$(TARGET_NAME)";
				SWIFT_EMIT_LOC_STRINGS = YES;
				SWIFT_VERSION = 5.0;
				TARGETED_DEVICE_FAMILY = "1,2";
			};
			name = Release;
		};
		56865F012967205D00819ABB /* Debug */ = {
			isa = XCBuildConfiguration;
			buildSettings = {
				ALWAYS_EMBED_SWIFT_STANDARD_LIBRARIES = YES;
				BUNDLE_LOADER = "$(TEST_HOST)";
				CODE_SIGN_STYLE = Automatic;
				CURRENT_PROJECT_VERSION = 1;
				GENERATE_INFOPLIST_FILE = YES;
				IPHONEOS_DEPLOYMENT_TARGET = 16.2;
				MARKETING_VERSION = 1.0;
				PRODUCT_BUNDLE_IDENTIFIER = "appleaca.Shaps-3Tests";
				PRODUCT_NAME = "$(TARGET_NAME)";
				SWIFT_EMIT_LOC_STRINGS = NO;
				SWIFT_VERSION = 5.0;
				TARGETED_DEVICE_FAMILY = "1,2";
				TEST_HOST = "$(BUILT_PRODUCTS_DIR)/Shaps#3.app/$(BUNDLE_EXECUTABLE_FOLDER_PATH)/Shaps#3";
			};
			name = Debug;
		};
		56865F022967205D00819ABB /* Release */ = {
			isa = XCBuildConfiguration;
			buildSettings = {
				ALWAYS_EMBED_SWIFT_STANDARD_LIBRARIES = YES;
				BUNDLE_LOADER = "$(TEST_HOST)";
				CODE_SIGN_STYLE = Automatic;
				CURRENT_PROJECT_VERSION = 1;
				GENERATE_INFOPLIST_FILE = YES;
				IPHONEOS_DEPLOYMENT_TARGET = 16.2;
				MARKETING_VERSION = 1.0;
				PRODUCT_BUNDLE_IDENTIFIER = "appleaca.Shaps-3Tests";
				PRODUCT_NAME = "$(TARGET_NAME)";
				SWIFT_EMIT_LOC_STRINGS = NO;
				SWIFT_VERSION = 5.0;
				TARGETED_DEVICE_FAMILY = "1,2";
				TEST_HOST = "$(BUILT_PRODUCTS_DIR)/Shaps#3.app/$(BUNDLE_EXECUTABLE_FOLDER_PATH)/Shaps#3";
			};
			name = Release;
		};
		56865F042967205D00819ABB /* Debug */ = {
			isa = XCBuildConfiguration;
			buildSettings = {
				ALWAYS_EMBED_SWIFT_STANDARD_LIBRARIES = YES;
				CODE_SIGN_STYLE = Automatic;
				CURRENT_PROJECT_VERSION = 1;
				GENERATE_INFOPLIST_FILE = YES;
				MARKETING_VERSION = 1.0;
				PRODUCT_BUNDLE_IDENTIFIER = "appleaca.Shaps-3UITests";
				PRODUCT_NAME = "$(TARGET_NAME)";
				SWIFT_EMIT_LOC_STRINGS = NO;
				SWIFT_VERSION = 5.0;
				TARGETED_DEVICE_FAMILY = "1,2";
				TEST_TARGET_NAME = "Shaps#3";
			};
			name = Debug;
		};
		56865F052967205D00819ABB /* Release */ = {
			isa = XCBuildConfiguration;
			buildSettings = {
				ALWAYS_EMBED_SWIFT_STANDARD_LIBRARIES = YES;
				CODE_SIGN_STYLE = Automatic;
				CURRENT_PROJECT_VERSION = 1;
				GENERATE_INFOPLIST_FILE = YES;
				MARKETING_VERSION = 1.0;
				PRODUCT_BUNDLE_IDENTIFIER = "appleaca.Shaps-3UITests";
				PRODUCT_NAME = "$(TARGET_NAME)";
				SWIFT_EMIT_LOC_STRINGS = NO;
				SWIFT_VERSION = 5.0;
				TARGETED_DEVICE_FAMILY = "1,2";
				TEST_TARGET_NAME = "Shaps#3";
			};
			name = Release;
		};
/* End XCBuildConfiguration section */

/* Begin XCConfigurationList section */
		56865ED42967205B00819ABB /* Build configuration list for PBXProject "Shaps#3" */ = {
			isa = XCConfigurationList;
			buildConfigurations = (
				56865EFB2967205D00819ABB /* Debug */,
				56865EFC2967205D00819ABB /* Release */,
			);
			defaultConfigurationIsVisible = 0;
			defaultConfigurationName = Release;
		};
		56865EFD2967205D00819ABB /* Build configuration list for PBXNativeTarget "Shaps#3" */ = {
			isa = XCConfigurationList;
			buildConfigurations = (
				56865EFE2967205D00819ABB /* Debug */,
				56865EFF2967205D00819ABB /* Release */,
			);
			defaultConfigurationIsVisible = 0;
			defaultConfigurationName = Release;
		};
		56865F002967205D00819ABB /* Build configuration list for PBXNativeTarget "Shaps#3Tests" */ = {
			isa = XCConfigurationList;
			buildConfigurations = (
				56865F012967205D00819ABB /* Debug */,
				56865F022967205D00819ABB /* Release */,
			);
			defaultConfigurationIsVisible = 0;
			defaultConfigurationName = Release;
		};
		56865F032967205D00819ABB /* Build configuration list for PBXNativeTarget "Shaps#3UITests" */ = {
			isa = XCConfigurationList;
			buildConfigurations = (
				56865F042967205D00819ABB /* Debug */,
				56865F052967205D00819ABB /* Release */,
			);
			defaultConfigurationIsVisible = 0;
			defaultConfigurationName = Release;
		};
/* End XCConfigurationList section */
	};
	rootObject = 56865ED12967205B00819ABB /* Project object */;
}
